[[tools.prek]]
version = "0.3.3"
backend = "aqua:j178/prek"
"platforms.macos-arm64" = { checksum = "sha256:12c1e281d4d484eaa6d502804c6a8c77ab06f1fdd22c5fd46c02f87ae5f3c1af", url = "https://github.com/j178/prek/releases/download/v0.3.3/prek-aarch64-apple-darwin.tar.gz"}

[[tools.python]]
version = "3.12.12"
backend = "core:python"

[[tools.uv]]
version = "0.10.3"
backend = "aqua:astral-sh/uv"
"platforms.linux-arm64" = { checksum = "sha256:a98f8decf21204d40acb512b0e08a803ed718c640a97f3c095864967463d5b15", url = "https://github.com/astral-sh/uv/releases/download/0.10.3/uv-aarch64-unknown-linux-musl.tar.gz"}
"platforms.linux-x64" = { checksum = "sha256:126496b606129eda426dac502af0d910d895f3db81da28efc49b18edf5557741", url = "https://github.com/astral-sh/uv/releases/download/0.10.3/uv-x86_64-unknown-linux-musl.tar.gz"}
"platforms.macos-arm64" = { checksum = "sha256:ed2a08079527dafae4943fee80162ed750286657901e642eba4c9de928706df8", url = "https://github.com/astral-sh/uv/releases/download/0.10.3/uv-aarch64-apple-darwin.tar.gz"}
"platforms.macos-x64" = { checksum = "sha256:e8071cedb9986724ca3d70020b4460a85a274394b378c0e8eb1e8f9e33402ff9", url = "https://github.com/astral-sh/uv/releases/download/0.10.3/uv-x86_64-apple-darwin.tar.gz"}
"platforms.windows-x64" = { checksum = "sha256:d029201a3eebaa8a0001fa762ee44ca14a9cb3cae4d59fc3fd69857da03a6f8c", url = "https://github.com/astral-sh/uv/releases/download/0.10.3/uv-x86_64-pc-windows-msvc.zip"}
